
Microsoft Visual Studio Solution File, Format Version 12.00
# Visual Studio Version 17
VisualStudioVersion = 17.4.33205.214
MinimumVisualStudioVersion = 10.0.40219.1
Project("{FAE04EC0-301F-11D3-BF4B-00C04F79EFBC}") = "Vista", "catalogo\Vista.csproj", "{04DC021B-E75A-46D6-A08C-6D5768F13C9E}"
EndProject
Project("{FAE04EC0-301F-11D3-BF4B-00C04F79EFBC}") = "capaNegocio", "..\TPFinalNivel3GonzalezJavier\capaDatos\capaNegocio.csproj", "{C77592F2-A46E-4994-82E3-9035D604A8F7}"
EndProject
Project("{FAE04EC0-301F-11D3-BF4B-00C04F79EFBC}") = "capaDominio", "..\TPFinalNivel3GonzalezJavier\capaDominio\capaDominio.csproj", "{4CB9C6E4-4184-4214-9829-9B58D208E92E}"
EndProject
Global
	GlobalSection(SolutionConfigurationPlatforms) = preSolution
		Debug|Any CPU = Debug|Any CPU
		Release|Any CPU = Release|Any CPU
	EndGlobalSection
	GlobalSection(ProjectConfigurationPlatforms) = postSolution
		{04DC021B-E75A-46D6-A08C-6D5768F13C9E}.Debug|Any CPU.ActiveCfg = Debug|Any CPU
		{04DC021B-E75A-46D6-A08C-6D5768F13C9E}.Debug|Any CPU.Build.0 = Debug|Any CPU
		{04DC021B-E75A-46D6-A08C-6D5768F13C9E}.Release|Any CPU.ActiveCfg = Release|Any CPU
		{04DC021B-E75A-46D6-A08C-6D5768F13C9E}.Release|Any CPU.Build.0 = Release|Any CPU
		{C77592F2-A46E-4994-82E3-9035D604A8F7}.Debug|Any CPU.ActiveCfg = Debug|Any CPU
		{C77592F2-A46E-4994-82E3-9035D604A8F7}.Debug|Any CPU.Build.0 = Debug|Any CPU
		{C77592F2-A46E-4994-82E3-9035D604A8F7}.Release|Any CPU.ActiveCfg = Release|Any CPU
		{C77592F2-A46E-4994-82E3-9035D604A8F7}.Release|Any CPU.Build.0 = Release|Any CPU
		{4CB9C6E4-4184-4214-9829-9B58D208E92E}.Debug|Any CPU.ActiveCfg = Debug|Any CPU
		{4CB9C6E4-4184-4214-9829-9B58D208E92E}.Debug|Any CPU.Build.0 = Debug|Any CPU
		{4CB9C6E4-4184-4214-9829-9B58D208E92E}.Release|Any CPU.ActiveCfg = Release|Any CPU
		{4CB9C6E4-4184-4214-9829-9B58D208E92E}.Release|Any CPU.Build.0 = Release|Any CPU
	EndGlobalSection
	GlobalSection(SolutionProperties) = preSolution
		HideSolutionNode = FALSE
	EndGlobalSection
	GlobalSection(ExtensibilityGlobals) = postSolution
		SolutionGuid = {79123087-83A3-4586-8AEB-D5DC71C96177}
	EndGlobalSection
EndGlobal
